
Microsoft Visual Studio Solution File, Format Version 12.00
# Visual Studio Version 17
VisualStudioVersion = 17.14.36915.13 d17.14
MinimumVisualStudioVersion = 10.0.40219.1
Project("{FAE04EC0-301F-11D3-BF4B-00C04F79EFBC}") = "ai_chats", "ai_chats.csproj", "{077DC57D-9FEF-4B23-9801-907592202E41}"
EndProject
Global
	GlobalSection(SolutionConfigurationPlatforms) = preSolution
		Debug|Any CPU = Debug|Any CPU
		Release|Any CPU = Release|Any CPU
	EndGlobalSection
	GlobalSection(ProjectConfigurationPlatforms) = postSolution
		{077DC57D-9FEF-4B23-9801-907592202E41}.Debug|Any CPU.ActiveCfg = Debug|Any CPU
		{077DC57D-9FEF-4B23-9801-907592202E41}.Debug|Any CPU.Build.0 = Debug|Any CPU
		{077DC57D-9FEF-4B23-9801-907592202E41}.Release|Any CPU.ActiveCfg = Release|Any CPU
		{077DC57D-9FEF-4B23-9801-907592202E41}.Release|Any CPU.Build.0 = Release|Any CPU
	EndGlobalSection
	GlobalSection(SolutionProperties) = preSolution
		HideSolutionNode = FALSE
	EndGlobalSection
	GlobalSection(ExtensibilityGlobals) = postSolution
		SolutionGuid = {D6A9AE12-420C-4F04-8188-EB3A0BB27731}
	EndGlobalSection
EndGlobal
